
Microsoft Visual Studio Solution File, Format Version 12.00
# Visual Studio Version 16
VisualStudioVersion = 16.0.30523.141
MinimumVisualStudioVersion = 10.0.40219.1
Project("{FAE04EC0-301F-11D3-BF4B-00C04F79EFBC}") = "Dirlea_Valentina_Lab6", "Dirlea_Valentina_Lab6\Dirlea_Valentina_Lab6.csproj", "{7F00873E-4A8E-4F3C-B657-05099B9DCEC2}"
EndProject
Project("{FAE04EC0-301F-11D3-BF4B-00C04F79EFBC}") = "AutoLotModel", "AutoLotModel\AutoLotModel.csproj", "{2EB74A5B-F0E6-4AF3-A98F-39C33C72B7D2}"
EndProject
Global
	GlobalSection(SolutionConfigurationPlatforms) = preSolution
		Debug|Any CPU = Debug|Any CPU
		Release|Any CPU = Release|Any CPU
	EndGlobalSection
	GlobalSection(ProjectConfigurationPlatforms) = postSolution
		{7F00873E-4A8E-4F3C-B657-05099B9DCEC2}.Debug|Any CPU.ActiveCfg = Debug|Any CPU
		{7F00873E-4A8E-4F3C-B657-05099B9DCEC2}.Debug|Any CPU.Build.0 = Debug|Any CPU
		{7F00873E-4A8E-4F3C-B657-05099B9DCEC2}.Release|Any CPU.ActiveCfg = Release|Any CPU
		{7F00873E-4A8E-4F3C-B657-05099B9DCEC2}.Release|Any CPU.Build.0 = Release|Any CPU
		{2EB74A5B-F0E6-4AF3-A98F-39C33C72B7D2}.Debug|Any CPU.ActiveCfg = Debug|Any CPU
		{2EB74A5B-F0E6-4AF3-A98F-39C33C72B7D2}.Debug|Any CPU.Build.0 = Debug|Any CPU
		{2EB74A5B-F0E6-4AF3-A98F-39C33C72B7D2}.Release|Any CPU.ActiveCfg = Release|Any CPU
		{2EB74A5B-F0E6-4AF3-A98F-39C33C72B7D2}.Release|Any CPU.Build.0 = Release|Any CPU
	EndGlobalSection
	GlobalSection(SolutionProperties) = preSolution
		HideSolutionNode = FALSE
	EndGlobalSection
	GlobalSection(ExtensibilityGlobals) = postSolution
		SolutionGuid = {24CEDE0E-3A05-4570-8071-5EB4978D31CC}
	EndGlobalSection
EndGlobal
